// !$*UTF8*$!
{
	archiveVersion = 1;
	classes = {
	};
	objectVersion = 46;
	objects = {

/* Begin PBXBuildFile section */
		74A02F321BFC019C0099EFE9 /* AppDelegate.swift in Sources */ = {isa = PBXBuildFile; fileRef = 74A02F311BFC019C0099EFE9 /* AppDelegate.swift */; };
		74A02F341BFC019C0099EFE9 /* MasterViewController.swift in Sources */ = {isa = PBXBuildFile; fileRef = 74A02F331BFC019C0099EFE9 /* MasterViewController.swift */; };
		74A02F361BFC019C0099EFE9 /* DetailViewController.swift in Sources */ = {isa = PBXBuildFile; fileRef = 74A02F351BFC019C0099EFE9 /* DetailViewController.swift */; };
		74A02F391BFC019C0099EFE9 /* Main.storyboard in Resources */ = {isa = PBXBuildFile; fileRef = 74A02F371BFC019C0099EFE9 /* Main.storyboard */; };
		74A02F3B1BFC019C0099EFE9 /* Assets.xcassets in Resources */ = {isa = PBXBuildFile; fileRef = 74A02F3A1BFC019C0099EFE9 /* Assets.xcassets */; };
		74A02F3E1BFC019C0099EFE9 /* LaunchScreen.storyboard in Resources */ = {isa = PBXBuildFile; fileRef = 74A02F3C1BFC019C0099EFE9 /* LaunchScreen.storyboard */; };
		74A02F461BFC023D0099EFE9 /* UniversitiesClass.swift in Sources */ = {isa = PBXBuildFile; fileRef = 74A02F451BFC023D0099EFE9 /* UniversitiesClass.swift */; };
/* End PBXBuildFile section */

/* Begin PBXFileReference section */
		74A02F2E1BFC019C0099EFE9 /* CollegeNames15.app */ = {isa = PBXFileReference; explicitFileType = wrapper.application; includeInIndex = 0; path = CollegeNames15.app; sourceTree = BUILT_PRODUCTS_DIR; };
		74A02F311BFC019C0099EFE9 /* AppDelegate.swift */ = {isa = PBXFileReference; lastKnownFileType = sourcecode.swift; path = AppDelegate.swift; sourceTree = "<group>"; };
		74A02F331BFC019C0099EFE9 /* MasterViewController.swift */ = {isa = PBXFileReference; lastKnownFileType = sourcecode.swift; path = MasterViewController.swift; sourceTree = "<group>"; };
		74A02F351BFC019C0099EFE9 /* DetailViewController.swift */ = {isa = PBXFileReference; lastKnownFileType = sourcecode.swift; path = DetailViewController.swift; sourceTree = "<group>"; };
		74A02F381BFC019C0099EFE9 /* Base */ = {isa = PBXFileReference; lastKnownFileType = file.storyboard; name = Base; path = Base.lproj/Main.storyboard; sourceTree = "<group>"; };
		74A02F3A1BFC019C0099EFE9 /* Assets.xcassets */ = {isa = PBXFileReference; lastKnownFileType = folder.assetcatalog; path = Assets.xcassets; sourceTree = "<group>"; };
		74A02F3D1BFC019C0099EFE9 /* Base */ = {isa = PBXFileReference; lastKnownFileType = file.storyboard; name = Base; path = Base.lproj/LaunchScreen.storyboard; sourceTree = "<group>"; };
		74A02F3F1BFC019C0099EFE9 /* Info.plist */ = {isa = PBXFileReference; lastKnownFileType = text.plist.xml; path = Info.plist; sourceTree = "<group>"; };
		74A02F451BFC023D0099EFE9 /* UniversitiesClass.swift */ = {isa = PBXFileReference; fileEncoding = 4; lastKnownFileType = sourcecode.swift; path = UniversitiesClass.swift; sourceTree = "<group>"; };
/* End PBXFileReference section */

/* Begin PBXFrameworksBuildPhase section */
		74A02F2B1BFC019C0099EFE9 /* Frameworks */ = {
			isa = PBXFrameworksBuildPhase;
			buildActionMask = 2147483647;
			files = (
			);
			runOnlyForDeploymentPostprocessing = 0;
		};
/* End PBXFrameworksBuildPhase section */

/* Begin PBXGroup section */
		74A02F251BFC019C0099EFE9 = {
			isa = PBXGroup;
			children = (
				74A02F301BFC019C0099EFE9 /* CollegeNames15 */,
				74A02F2F1BFC019C0099EFE9 /* Products */,
			);
			sourceTree = "<group>";
		};
		74A02F2F1BFC019C0099EFE9 /* Products */ = {
			isa = PBXGroup;
			children = (
				74A02F2E1BFC019C0099EFE9 /* CollegeNames15.app */,
			);
			name = Products;
			sourceTree = "<group>";
		};
		74A02F301BFC019C0099EFE9 /* CollegeNames15 */ = {
			isa = PBXGroup;
			children = (
				74A02F311BFC019C0099EFE9 /* AppDelegate.swift */,
				74A02F331BFC019C0099EFE9 /* MasterViewController.swift */,
				74A02F351BFC019C0099EFE9 /* DetailViewController.swift */,
				74A02F371BFC019C0099EFE9 /* Main.storyboard */,
				74A02F3A1BFC019C0099EFE9 /* Assets.xcassets */,
				74A02F3C1BFC019C0099EFE9 /* LaunchScreen.storyboard */,
				74A02F3F1BFC019C0099EFE9 /* Info.plist */,
				74A02F451BFC023D0099EFE9 /* UniversitiesClass.swift */,
			);
			path = CollegeNames15;
			sourceTree = "<group>";
		};
/* End PBXGroup section */

/* Begin PBXNativeTarget section */
		74A02F2D1BFC019C0099EFE9 /* CollegeNames15 */ = {
			isa = PBXNativeTarget;
			buildConfigurationList = 74A02F421BFC019C0099EFE9 /* Build configuration list for PBXNativeTarget "CollegeNames15" */;
			buildPhases = (
				74A02F2A1BFC019C0099EFE9 /* Sources */,
				74A02F2B1BFC019C0099EFE9 /* Frameworks */,
				74A02F2C1BFC019C0099EFE9 /* Resources */,
			);
			buildRules = (
			);
			dependencies = (
			);
			name = CollegeNames15;
			productName = CollegeNames15;
			productReference = 74A02F2E1BFC019C0099EFE9 /* CollegeNames15.app */;
			productType = "com.apple.product-type.application";
		};
/* End PBXNativeTarget section */

/* Begin PBXProject section */
		74A02F261BFC019C0099EFE9 /* Project object */ = {
			isa = PBXProject;
			attributes = {
				LastSwiftUpdateCheck = 0710;
				LastUpgradeCheck = 0710;
				ORGANIZATIONNAME = "The Modern Tech";
				TargetAttributes = {
					74A02F2D1BFC019C0099EFE9 = {
						CreatedOnToolsVersion = 7.1.1;
						DevelopmentTeam = P2PHUV57V5;
					};
				};
			};
			buildConfigurationList = 74A02F291BFC019C0099EFE9 /* Build configuration list for PBXProject "CollegeNames15" */;
			compatibilityVersion = "Xcode 3.2";
			developmentRegion = English;
			hasScannedForEncodings = 0;
			knownRegions = (
				en,
				Base,
			);
			mainGroup = 74A02F251BFC019C0099EFE9;
			productRefGroup = 74A02F2F1BFC019C0099EFE9 /* Products */;
			projectDirPath = "";
			projectRoot = "";
			targets = (
				74A02F2D1BFC019C0099EFE9 /* CollegeNames15 */,
			);
		};
/* End PBXProject section */

/* Begin PBXResourcesBuildPhase section */
		74A02F2C1BFC019C0099EFE9 /* Resources */ = {
			isa = PBXResourcesBuildPhase;
			buildActionMask = 2147483647;
			files = (
				74A02F3E1BFC019C0099EFE9 /* LaunchScreen.storyboard in Resources */,
				74A02F3B1BFC019C0099EFE9 /* Assets.xcassets in Resources */,
				74A02F391BFC019C0099EFE9 /* Main.storyboard in Resources */,
			);
			runOnlyForDeploymentPostprocessing = 0;
		};
/* End PBXResourcesBuildPhase section */

/* Begin PBXSourcesBuildPhase section */
		74A02F2A1BFC019C0099EFE9 /* Sources */ = {
			isa = PBXSourcesBuildPhase;
			buildActionMask = 2147483647;
			files = (
				74A02F361BFC019C0099EFE9 /* DetailViewController.swift in Sources */,
				74A02F341BFC019C0099EFE9 /* MasterViewController.swift in Sources */,
				74A02F461BFC023D0099EFE9 /* UniversitiesClass.swift in Sources */,
				74A02F321BFC019C0099EFE9 /* AppDelegate.swift in Sources */,
			);
			runOnlyForDeploymentPostprocessing = 0;
		};
/* End PBXSourcesBuildPhase section */

/* Begin PBXVariantGroup section */
		74A02F371BFC019C0099EFE9 /* Main.storyboard */ = {
			isa = PBXVariantGroup;
			children = (
				74A02F381BFC019C0099EFE9 /* Base */,
			);
			name = Main.storyboard;
			sourceTree = "<group>";
		};
		74A02F3C1BFC019C0099EFE9 /* LaunchScreen.storyboard */ = {
			isa = PBXVariantGroup;
			children = (
				74A02F3D1BFC019C0099EFE9 /* Base */,
			);
			name = LaunchScreen.storyboard;
			sourceTree = "<group>";
		};
/* End PBXVariantGroup section */

/* Begin XCBuildConfiguration section */
		74A02F401BFC019C0099EFE9 /* Debug */ = {
			isa = XCBuildConfiguration;
			buildSettings = {
				ALWAYS_SEARCH_USER_PATHS = NO;
				CLANG_CXX_LANGUAGE_STANDARD = "gnu++0x";
				CLANG_CXX_LIBRARY = "libc++";
				CLANG_ENABLE_MODULES = YES;
				CLANG_ENABLE_OBJC_ARC = YES;
				CLANG_WARN_BOOL_CONVERSION = YES;
				CLANG_WARN_CONSTANT_CONVERSION = YES;
				CLANG_WARN_DIRECT_OBJC_ISA_USAGE = YES_ERROR;
				CLANG_WARN_EMPTY_BODY = YES;
				CLANG_WARN_ENUM_CONVERSION = YES;
				CLANG_WARN_INT_CONVERSION = YES;
				CLANG_WARN_OBJC_ROOT_CLASS = YES_ERROR;
				CLANG_WARN_UNREACHABLE_CODE = YES;
				CLANG_WARN__DUPLICATE_METHOD_MATCH = YES;
				"CODE_SIGN_IDENTITY[sdk=iphoneos*]" = "iPhone Developer";
				COPY_PHASE_STRIP = NO;
				DEBUG_INFORMATION_FORMAT = dwarf;
				ENABLE_STRICT_OBJC_MSGSEND = YES;
				ENABLE_TESTABILITY = YES;
				GCC_C_LANGUAGE_STANDARD = gnu99;
				GCC_DYNAMIC_NO_PIC = NO;
				GCC_NO_COMMON_BLOCKS = YES;
				GCC_OPTIMIZATION_LEVEL = 0;
				GCC_PREPROCESSOR_DEFINITIONS = (
					"DEBUG=1",
					"$(inherited)",
				);
				GCC_WARN_64_TO_32_BIT_CONVERSION = YES;
				GCC_WARN_ABOUT_RETURN_TYPE = YES_ERROR;
				GCC_WARN_UNDECLARED_SELECTOR = YES;
				GCC_WARN_UNINITIALIZED_AUTOS = YES_AGGRESSIVE;
				GCC_WARN_UNUSED_FUNCTION = YES;
				GCC_WARN_UNUSED_VARIABLE = YES;
				IPHONEOS_DEPLOYMENT_TARGET = 9.1;
				MTL_ENABLE_DEBUG_INFO = YES;
				ONLY_ACTIVE_ARCH = YES;
				SDKROOT = iphoneos;
				SWIFT_OPTIMIZATION_LEVEL = "-Onone";
			};
			name = Debug;
		};
		74A02F411BFC019C0099EFE9 /* Release */ = {
			isa = XCBuildConfiguration;
			buildSettings = {
				ALWAYS_SEARCH_USER_PATHS = NO;
				CLANG_CXX_LANGUAGE_STANDARD = "gnu++0x";
				CLANG_CXX_LIBRARY = "libc++";
				CLANG_ENABLE_MODULES = YES;
				CLANG_ENABLE_OBJC_ARC = YES;
				CLANG_WARN_BOOL_CONVERSION = YES;
				CLANG_WARN_CONSTANT_CONVERSION = YES;
				CLANG_WARN_DIRECT_OBJC_ISA_USAGE = YES_ERROR;
				CLANG_WARN_EMPTY_BODY = YES;
				CLANG_WARN_ENUM_CONVERSION = YES;
				CLANG_WARN_INT_CONVERSION = YES;
				CLANG_WARN_OBJC_ROOT_CLASS = YES_ERROR;
				CLANG_WARN_UNREACHABLE_CODE = YES;
				CLANG_WARN__DUPLICATE_METHOD_MATCH = YES;
				"CODE_SIGN_IDENTITY[sdk=iphoneos*]" = "iPhone Developer";
				COPY_PHASE_STRIP = NO;
				DEBUG_INFORMATION_FORMAT = "dwarf-with-dsym";
				ENABLE_NS_ASSERTIONS = NO;
				ENABLE_STRICT_OBJC_MSGSEND = YES;
				GCC_C_LANGUAGE_STANDARD = gnu99;
				GCC_NO_COMMON_BLOCKS = YES;
				GCC_WARN_64_TO_32_BIT_CONVERSION = YES;
				GCC_WARN_ABOUT_RETURN_TYPE = YES_ERROR;
				GCC_WARN_UNDECLARED_SELECTOR = YES;
				GCC_WARN_UNINITIALIZED_AUTOS = YES_AGGRESSIVE;
				GCC_WARN_UNUSED_FUNCTION = YES;
				GCC_WARN_UNUSED_VARIABLE = YES;
				IPHONEOS_DEPLOYMENT_TARGET = 9.1;
				MTL_ENABLE_DEBUG_INFO = NO;
				SDKROOT = iphoneos;
				VALIDATE_PRODUCT = YES;
			};
			name = Release;
		};
		74A02F431BFC019C0099EFE9 /* Debug */ = {
			isa = XCBuildConfiguration;
			buildSettings = {
				ASSETCATALOG_COMPILER_APPICON_NAME = AppIcon;
				INFOPLIST_FILE = CollegeNames15/Info.plist;
				LD_RUNPATH_SEARCH_PATHS = "$(inherited) @executable_path/Frameworks";
				PRODUCT_BUNDLE_IDENTIFIER = net.themoderntech.CollegeNames15;
				PRODUCT_NAME = "$(TARGET_NAME)";
			};
			name = Debug;
		};
		74A02F441BFC019C0099EFE9 /* Release */ = {
			isa = XCBuildConfiguration;
			buildSettings = {
				ASSETCATALOG_COMPILER_APPICON_NAME = AppIcon;
				INFOPLIST_FILE = CollegeNames15/Info.plist;
				LD_RUNPATH_SEARCH_PATHS = "$(inherited) @executable_path/Frameworks";
				PRODUCT_BUNDLE_IDENTIFIER = net.themoderntech.CollegeNames15;
				PRODUCT_NAME = "$(TARGET_NAME)";
			};
			name = Release;
		};
/* End XCBuildConfiguration section */

/* Begin XCConfigurationList section */
		74A02F291BFC019C0099EFE9 /* Build configuration list for PBXProject "CollegeNames15" */ = {
			isa = XCConfigurationList;
			buildConfigurations = (
				74A02F401BFC019C0099EFE9 /* Debug */,
				74A02F411BFC019C0099EFE9 /* Release */,
			);
			defaultConfigurationIsVisible = 0;
			defaultConfigurationName = Release;
		};
		74A02F421BFC019C0099EFE9 /* Build configuration list for PBXNativeTarget "CollegeNames15" */ = {
			isa = XCConfigurationList;
			buildConfigurations = (
				74A02F431BFC019C0099EFE9 /* Debug */,
				74A02F441BFC019C0099EFE9 /* Release */,
			);
			defaultConfigurationIsVisible = 0;
		};
/* End XCConfigurationList section */
	};
	rootObject = 74A02F261BFC019C0099EFE9 /* Project object */;
}
